{
  "name": "subspacefm",
  "lockfileVersion": 2,
  "requires": true,
  "packages": {
    "": {
      "dependencies": {
        "icecast-metadata-player": "^1.11.4"
      }
    },
    "node_modules/@wasm-audio-decoders/common": {
      "version": "0.0.1",
      "resolved": "https://registry.npmjs.org/@wasm-audio-decoders/common/-/common-0.0.1.tgz",
      "integrity": "sha512-eZ4B+DjEQPGPO+r0UQWbbM3q/cZh5dxcNxglSNz/hQuqCRuGH9v8aQYwe6d6RWhpR8/BHFCZAishgGeC4IHQvA==",
      "dependencies": {
        "web-worker": "^1.1.0"
      }
    },
    "node_modules/codec-parser": {
      "version": "2.0.0",
      "resolved": "https://registry.npmjs.org/codec-parser/-/codec-parser-2.0.0.tgz",
      "integrity": "sha512-ykrHMFRxdcTI5ZeZrA4GGUnj6cv2WaNipclyoNWZbXFteCUge+XSKloHK2qjhrVblYIg64aa/a3Y7s736NaCtg=="
    },
    "node_modules/icecast-metadata-js": {
      "version": "0.6.3",
      "resolved": "https://registry.npmjs.org/icecast-metadata-js/-/icecast-metadata-js-0.6.3.tgz",
      "integrity": "sha512-yzd7r3n3nFA3FoF8JB+5H6FWqt+JcL2+vrLUwSTTTUxuVSOsAX3oqfvfjp908UXlpV82xSNWglR9Pn7Gr/Hvbg=="
    },
    "node_modules/icecast-metadata-player": {
      "version": "1.11.4",
      "resolved": "https://registry.npmjs.org/icecast-metadata-player/-/icecast-metadata-player-1.11.4.tgz",
      "integrity": "sha512-RIQKz3B7KBgygG63S4Oovb3Vx+6VBw3UzSKCNI7KOMglSkwKp8kBYVLcUjXTTYyCOj+6eEFOGThVNCkC8nD6eA==",
      "dependencies": {
        "codec-parser": "2.0.0",
        "icecast-metadata-js": "0.6.3",
        "mpg123-decoder": "0.3.4",
        "mse-audio-wrapper": "1.4.3",
        "opus-decoder": "0.3.4"
      }
    },
    "node_modules/mpg123-decoder": {
      "version": "0.3.4",
      "resolved": "https://registry.npmjs.org/mpg123-decoder/-/mpg123-decoder-0.3.4.tgz",
      "integrity": "sha512-Ef+XQ6TSZ2TGm2sCSxNSj0K0DA0A1xZhpYjFW4HU1humF4wlqlphfvs/TH3+xInESa+OWDaMZ2RCSweVZBdozQ==",
      "dependencies": {
        "@wasm-audio-decoders/common": "0.0.1"
      }
    },
    "node_modules/mse-audio-wrapper": {
      "version": "1.4.3",
      "resolved": "https://registry.npmjs.org/mse-audio-wrapper/-/mse-audio-wrapper-1.4.3.tgz",
      "integrity": "sha512-wC1h6RUHgRJE43ynJAWtTzNdqJafpGslwEExvwRNrJsdFmZNWgCjTohKwz/j+AAS8YjHMmmO8lBYsjyi2td+AQ==",
      "dependencies": {
        "codec-parser": "2.0.0"
      }
    },
    "node_modules/opus-decoder": {
      "version": "0.3.4",
      "resolved": "https://registry.npmjs.org/opus-decoder/-/opus-decoder-0.3.4.tgz",
      "integrity": "sha512-mNqRbjX12K1cr0+9TBFPzrHmfLacS4QygsAcWrVwT409n8Of18mAbLf7HqSyi0MpL3vN947OJ8iHgPV5kgt5Xg==",
      "dependencies": {
        "@wasm-audio-decoders/common": "0.0.1"
      }
    },
    "node_modules/web-worker": {
      "version": "1.2.0",
      "resolved": "https://registry.npmjs.org/web-worker/-/web-worker-1.2.0.tgz",
      "integrity": "sha512-PgF341avzqyx60neE9DD+XS26MMNMoUQRz9NOZwW32nPQrF6p77f1htcnjBSEV8BGMKZ16choqUG4hyI0Hx7mA=="
    }
  },
  "dependencies": {
    "@wasm-audio-decoders/common": {
      "version": "0.0.1",
      "resolved": "https://registry.npmjs.org/@wasm-audio-decoders/common/-/common-0.0.1.tgz",
      "integrity": "sha512-eZ4B+DjEQPGPO+r0UQWbbM3q/cZh5dxcNxglSNz/hQuqCRuGH9v8aQYwe6d6RWhpR8/BHFCZAishgGeC4IHQvA==",
      "requires": {
        "web-worker": "^1.1.0"
      }
    },
    "codec-parser": {
      "version": "2.0.0",
      "resolved": "https://registry.npmjs.org/codec-parser/-/codec-parser-2.0.0.tgz",
      "integrity": "sha512-ykrHMFRxdcTI5ZeZrA4GGUnj6cv2WaNipclyoNWZbXFteCUge+XSKloHK2qjhrVblYIg64aa/a3Y7s736NaCtg=="
    },
    "icecast-metadata-js": {
      "version": "0.6.3",
      "resolved": "https://registry.npmjs.org/icecast-metadata-js/-/icecast-metadata-js-0.6.3.tgz",
      "integrity": "sha512-yzd7r3n3nFA3FoF8JB+5H6FWqt+JcL2+vrLUwSTTTUxuVSOsAX3oqfvfjp908UXlpV82xSNWglR9Pn7Gr/Hvbg=="
    },
    "icecast-metadata-player": {
      "version": "1.11.4",
      "resolved": "https://registry.npmjs.org/icecast-metadata-player/-/icecast-metadata-player-1.11.4.tgz",
      "integrity": "sha512-RIQKz3B7KBgygG63S4Oovb3Vx+6VBw3UzSKCNI7KOMglSkwKp8kBYVLcUjXTTYyCOj+6eEFOGThVNCkC8nD6eA==",
      "requires": {
        "codec-parser": "2.0.0",
        "icecast-metadata-js": "0.6.3",
        "mpg123-decoder": "0.3.4",
        "mse-audio-wrapper": "1.4.3",
        "opus-decoder": "0.3.4"
      }
    },
    "mpg123-decoder": {
      "version": "0.3.4",
      "resolved": "https://registry.npmjs.org/mpg123-decoder/-/mpg123-decoder-0.3.4.tgz",
      "integrity": "sha512-Ef+XQ6TSZ2TGm2sCSxNSj0K0DA0A1xZhpYjFW4HU1humF4wlqlphfvs/TH3+xInESa+OWDaMZ2RCSweVZBdozQ==",
      "requires": {
        "@wasm-audio-decoders/common": "0.0.1"
      }
    },
    "mse-audio-wrapper": {
      "version": "1.4.3",
      "resolved": "https://registry.npmjs.org/mse-audio-wrapper/-/mse-audio-wrapper-1.4.3.tgz",
      "integrity": "sha512-wC1h6RUHgRJE43ynJAWtTzNdqJafpGslwEExvwRNrJsdFmZNWgCjTohKwz/j+AAS8YjHMmmO8lBYsjyi2td+AQ==",
      "requires": {
        "codec-parser": "2.0.0"
      }
    },
    "opus-decoder": {
      "version": "0.3.4",
      "resolved": "https://registry.npmjs.org/opus-decoder/-/opus-decoder-0.3.4.tgz",
      "integrity": "sha512-mNqRbjX12K1cr0+9TBFPzrHmfLacS4QygsAcWrVwT409n8Of18mAbLf7HqSyi0MpL3vN947OJ8iHgPV5kgt5Xg==",
      "requires": {
        "@wasm-audio-decoders/common": "0.0.1"
      }
    },
    "web-worker": {
      "version": "1.2.0",
      "resolved": "https://registry.npmjs.org/web-worker/-/web-worker-1.2.0.tgz",
      "integrity": "sha512-PgF341avzqyx60neE9DD+XS26MMNMoUQRz9NOZwW32nPQrF6p77f1htcnjBSEV8BGMKZ16choqUG4hyI0Hx7mA=="
    }
  }
}
